
Microsoft Visual Studio Solution File, Format Version 12.00
# Visual Studio Version 16
VisualStudioVersion = 16.0.29911.84
MinimumVisualStudioVersion = 10.0.40219.1
Project("{FAE04EC0-301F-11D3-BF4B-00C04F79EFBC}") = "temp", "temp\temp.csproj", "{DB39B04D-4B1F-42A7-A1B5-6BE9E2C186D8}"
EndProject
Global
	GlobalSection(SolutionConfigurationPlatforms) = preSolution
		Debug|Any CPU = Debug|Any CPU
		Release|Any CPU = Release|Any CPU
	EndGlobalSection
	GlobalSection(ProjectConfigurationPlatforms) = postSolution
		{DB39B04D-4B1F-42A7-A1B5-6BE9E2C186D8}.Debug|Any CPU.ActiveCfg = Debug|Any CPU
		{DB39B04D-4B1F-42A7-A1B5-6BE9E2C186D8}.Debug|Any CPU.Build.0 = Debug|Any CPU
		{DB39B04D-4B1F-42A7-A1B5-6BE9E2C186D8}.Release|Any CPU.ActiveCfg = Release|Any CPU
		{DB39B04D-4B1F-42A7-A1B5-6BE9E2C186D8}.Release|Any CPU.Build.0 = Release|Any CPU
	EndGlobalSection
	GlobalSection(SolutionProperties) = preSolution
		HideSolutionNode = FALSE
	EndGlobalSection
	GlobalSection(ExtensibilityGlobals) = postSolution
		SolutionGuid = {5E05F49B-384E-46A9-9AAF-DB6C738E573F}
	EndGlobalSection
EndGlobal
